{
  "requires": true,
  "lockfileVersion": 1,
  "dependencies": {
    "@lukeed/csprng": {
      "version": "1.0.0",
      "resolved": "https://registry.npmjs.org/@lukeed/csprng/-/csprng-1.0.0.tgz",
      "integrity": "sha512-ruuGHsnabmObBdeMg3vKdGRmh06Oog3eFpf/Tk6X0kDSJDpJTDCj2dqdp1+0VjzIUgHlFF9GBm7uFqfYhhdX9g=="
    },
    "uid": {
      "version": "2.0.0",
      "resolved": "https://registry.npmjs.org/uid/-/uid-2.0.0.tgz",
      "integrity": "sha512-hFw+zKBA1szYdbZWj6FjTxZzJnKNf+wTDcsxlJaXS64MCy9LQEmJUVieGYHCKek/WRyFIcs0cEXtGIQmfvHe2A==",
      "requires": {
        "@lukeed/csprng": "^1.0.0"
      }
    }
  }
}
