# THIS IS AN AUTOGENERATED FILE. DO NOT EDIT THIS FILE DIRECTLY.
# yarn lockfile v1


"@lukeed/csprng@^1.0.0":
  version "1.0.0"
  resolved "https://registry.npm.taobao.org/@lukeed/csprng/download/@lukeed/csprng-1.0.0.tgz#733a122382749d27e2e46ec38f8c71c9d53a9636"
  integrity sha1-czoSI4J0nSfi5G7Dj4xxydU6ljY=

uid@^2.0.0:
  version "2.0.0"
  resolved "https://registry.npm.taobao.org/uid/download/uid-2.0.0.tgz#1773bec106e96955f1658f20272e2ccea414e8bc"
  integrity sha1-F3O+wQbpaVXxZY8gJy4szqQU6Lw=
  dependencies:
    "@lukeed/csprng" "^1.0.0"
